
Microsoft Visual Studio Solution File, Format Version 12.00
# Visual Studio Version 16
VisualStudioVersion = 16.0.28803.156
MinimumVisualStudioVersion = 10.0.40219.1
Project("{FAE04EC0-301F-11D3-BF4B-00C04F79EFBC}") = "ConsoleTest", "ConsoleTest.csproj", "{AC434F67-50D8-4713-8794-2CA59D73C6E3}"
EndProject
Global
	GlobalSection(SolutionConfigurationPlatforms) = preSolution
		Debug|Any CPU = Debug|Any CPU
		Release|Any CPU = Release|Any CPU
	EndGlobalSection
	GlobalSection(ProjectConfigurationPlatforms) = postSolution
		{AC434F67-50D8-4713-8794-2CA59D73C6E3}.Debug|Any CPU.ActiveCfg = Debug|Any CPU
		{AC434F67-50D8-4713-8794-2CA59D73C6E3}.Debug|Any CPU.Build.0 = Debug|Any CPU
		{AC434F67-50D8-4713-8794-2CA59D73C6E3}.Release|Any CPU.ActiveCfg = Release|Any CPU
		{AC434F67-50D8-4713-8794-2CA59D73C6E3}.Release|Any CPU.Build.0 = Release|Any CPU
	EndGlobalSection
	GlobalSection(SolutionProperties) = preSolution
		HideSolutionNode = FALSE
	EndGlobalSection
	GlobalSection(ExtensibilityGlobals) = postSolution
		SolutionGuid = {903BA768-12CA-4C17-A73F-1217755D981C}
	EndGlobalSection
EndGlobal
